{
  "version": 4,
  "terraform_version": "1.12.2",
  "serial": 20,
  "lineage": "877d850d-4153-21b9-2e3d-9ff70ae3baa1",
  "outputs": {},
  "resources": [
    {
      "mode": "data",
      "type": "aws_iam_policy_document",
      "name": "allow_content_public",
      "provider": "provider[\"registry.terraform.io/hashicorp/aws\"]",
      "instances": [
        {
          "schema_version": 0,
          "attributes": {
            "id": "338003293",
            "json": "{\n  \"Version\": \"2012-10-17\",\n  \"Statement\": [\n    {\n      \"Effect\": \"Allow\",\n      \"Action\": \"s3:GetObject\",\n      \"Resource\": \"arn:aws:s3:::archidevopsiimwebsite-33357/*\",\n      \"Principal\": \"*\"\n    }\n  ]\n}",
            "minified_json": "{\"Version\":\"2012-10-17\",\"Statement\":[{\"Effect\":\"Allow\",\"Action\":\"s3:GetObject\",\"Resource\":\"arn:aws:s3:::archidevopsiimwebsite-33357/*\",\"Principal\":\"*\"}]}",
            "override_json": null,
            "override_policy_documents": null,
            "policy_id": null,
            "source_json": null,
            "source_policy_documents": null,
            "statement": [
              {
                "actions": [
                  "s3:GetObject"
                ],
                "condition": [],
                "effect": "Allow",
                "not_actions": [],
                "not_principals": [],
                "not_resources": [],
                "principals": [
                  {
                    "identifiers": [
                      "*"
                    ],
                    "type": "*"
                  }
                ],
                "resources": [
                  "arn:aws:s3:::archidevopsiimwebsite-33357/*"
                ],
                "sid": ""
              }
            ],
            "version": "2012-10-17"
          },
          "sensitive_attributes": [],
          "identity_schema_version": 0
        }
      ]
    },
    {
      "mode": "managed",
      "type": "aws_cloudfront_distribution",
      "name": "cdn",
      "provider": "provider[\"registry.terraform.io/hashicorp/aws\"]",
      "instances": [
        {
          "status": "tainted",
          "schema_version": 1,
          "attributes": {
            "aliases": null,
            "anycast_ip_list_id": null,
            "arn": null,
            "caller_reference": null,
            "comment": "React App CloudFront CDN",
            "continuous_deployment_policy_id": null,
            "custom_error_response": [],
            "default_cache_behavior": [
              {
                "allowed_methods": [
                  "GET",
                  "HEAD",
                  "OPTIONS"
                ],
                "cache_policy_id": "",
                "cached_methods": [
                  "GET",
                  "HEAD"
                ],
                "compress": false,
                "default_ttl": 3600,
                "field_level_encryption_id": "",
                "forwarded_values": [
                  {
                    "cookies": [
                      {
                        "forward": "none",
                        "whitelisted_names": []
                      }
                    ],
                    "headers": [],
                    "query_string": false,
                    "query_string_cache_keys": []
                  }
                ],
                "function_association": [],
                "grpc_config": [],
                "lambda_function_association": [],
                "max_ttl": 86400,
                "min_ttl": 0,
                "origin_request_policy_id": "",
                "realtime_log_config_arn": "",
                "response_headers_policy_id": "",
                "smooth_streaming": false,
                "target_origin_id": "S3-archidevopsiimwebsite-33357",
                "trusted_key_groups": [],
                "trusted_signers": [],
                "viewer_protocol_policy": "redirect-to-https"
              }
            ],
            "default_root_object": "index.html",
            "domain_name": null,
            "enabled": true,
            "etag": null,
            "hosted_zone_id": null,
            "http_version": "http2",
            "id": "E2VYW0VUNG0OQL",
            "in_progress_validation_batches": null,
            "is_ipv6_enabled": true,
            "last_modified_time": null,
            "logging_config": [],
            "ordered_cache_behavior": [],
            "origin": [
              {
                "connection_attempts": 3,
                "connection_timeout": 10,
                "custom_header": [],
                "custom_origin_config": [
                  {
                    "http_port": 80,
                    "https_port": 443,
                    "origin_keepalive_timeout": 5,
                    "origin_protocol_policy": "http-only",
                    "origin_read_timeout": 30,
                    "origin_ssl_protocols": [
                      "TLSv1.2"
                    ]
                  }
                ],
                "domain_name": "archidevopsiimwebsite-33357.s3-website-eu-west-1.amazonaws.com",
                "origin_access_control_id": "",
                "origin_id": "S3-archidevopsiimwebsite-33357",
                "origin_path": "",
                "origin_shield": [],
                "s3_origin_config": [],
                "vpc_origin_config": []
              }
            ],
            "origin_group": [],
            "price_class": "PriceClass_All",
            "restrictions": [
              {
                "geo_restriction": [
                  {
                    "locations": [],
                    "restriction_type": "none"
                  }
                ]
              }
            ],
            "retain_on_delete": false,
            "staging": false,
            "status": null,
            "tags": {
              "Environment": "dev",
              "Name": "tp_bucket"
            },
            "tags_all": {
              "Environment": "dev",
              "Name": "tp_bucket"
            },
            "trusted_key_groups": null,
            "trusted_signers": null,
            "viewer_certificate": [
              {
                "acm_certificate_arn": "",
                "cloudfront_default_certificate": true,
                "iam_certificate_id": "",
                "minimum_protocol_version": "TLSv1",
                "ssl_support_method": ""
              }
            ],
            "wait_for_deployment": true,
            "web_acl_id": null
          },
          "sensitive_attributes": [],
          "identity_schema_version": 0,
          "private": "eyJzY2hlbWFfdmVyc2lvbiI6IjEifQ==",
          "dependencies": [
            "aws_s3_bucket.main",
            "random_integer.random"
          ]
        }
      ]
    },
    {
      "mode": "managed",
      "type": "aws_s3_bucket",
      "name": "main",
      "provider": "provider[\"registry.terraform.io/hashicorp/aws\"]",
      "instances": [
        {
          "schema_version": 0,
          "attributes": {
            "acceleration_status": "",
            "acl": null,
            "arn": "arn:aws:s3:::archidevopsiimwebsite-33357",
            "bucket": "archidevopsiimwebsite-33357",
            "bucket_domain_name": "archidevopsiimwebsite-33357.s3.amazonaws.com",
            "bucket_prefix": "",
            "bucket_region": "eu-west-1",
            "bucket_regional_domain_name": "archidevopsiimwebsite-33357.s3.eu-west-1.amazonaws.com",
            "cors_rule": [],
            "force_destroy": false,
            "grant": [
              {
                "id": "417ebd63e3b3156e68974c0cc1464ab50ebd46c2b83006f13b0919eba52b13d8",
                "permissions": [
                  "FULL_CONTROL"
                ],
                "type": "CanonicalUser",
                "uri": ""
              }
            ],
            "hosted_zone_id": "Z1BKCTXD74EZPE",
            "id": "archidevopsiimwebsite-33357",
            "lifecycle_rule": [],
            "logging": [],
            "object_lock_configuration": [],
            "object_lock_enabled": false,
            "policy": "{\"Statement\":[{\"Action\":\"s3:GetObject\",\"Effect\":\"Allow\",\"Principal\":\"*\",\"Resource\":\"arn:aws:s3:::archidevopsiimwebsite-33357/*\"}],\"Version\":\"2012-10-17\"}",
            "region": "eu-west-1",
            "replication_configuration": [],
            "request_payer": "BucketOwner",
            "server_side_encryption_configuration": [
              {
                "rule": [
                  {
                    "apply_server_side_encryption_by_default": [
                      {
                        "kms_master_key_id": "",
                        "sse_algorithm": "AES256"
                      }
                    ],
                    "bucket_key_enabled": false
                  }
                ]
              }
            ],
            "tags": {
              "Environment": "dev",
              "Name": "tp_bucket"
            },
            "tags_all": {
              "Environment": "dev",
              "Name": "tp_bucket"
            },
            "timeouts": null,
            "versioning": [
              {
                "enabled": false,
                "mfa_delete": false
              }
            ],
            "website": [
              {
                "error_document": "index.html",
                "index_document": "index.html",
                "redirect_all_requests_to": "",
                "routing_rules": ""
              }
            ],
            "website_domain": "s3-website-eu-west-1.amazonaws.com",
            "website_endpoint": "archidevopsiimwebsite-33357.s3-website-eu-west-1.amazonaws.com"
          },
          "sensitive_attributes": [],
          "identity_schema_version": 0,
          "identity": {
            "account_id": "662147645652",
            "bucket": "archidevopsiimwebsite-33357",
            "region": "eu-west-1"
          },
          "private": "eyJlMmJmYjczMC1lY2FhLTExZTYtOGY4OC0zNDM2M2JjN2M0YzAiOnsiY3JlYXRlIjoxMjAwMDAwMDAwMDAwLCJkZWxldGUiOjM2MDAwMDAwMDAwMDAsInJlYWQiOjEyMDAwMDAwMDAwMDAsInVwZGF0ZSI6MTIwMDAwMDAwMDAwMH19",
          "dependencies": [
            "random_integer.random"
          ]
        }
      ]
    },
    {
      "mode": "managed",
      "type": "aws_s3_bucket_ownership_controls",
      "name": "main",
      "provider": "provider[\"registry.terraform.io/hashicorp/aws\"]",
      "instances": [
        {
          "schema_version": 0,
          "attributes": {
            "bucket": "archidevopsiimwebsite-33357",
            "id": "archidevopsiimwebsite-33357",
            "region": "eu-west-1",
            "rule": [
              {
                "object_ownership": "BucketOwnerPreferred"
              }
            ]
          },
          "sensitive_attributes": [],
          "identity_schema_version": 0,
          "private": "bnVsbA==",
          "dependencies": [
            "aws_s3_bucket.main",
            "random_integer.random"
          ]
        }
      ]
    },
    {
      "mode": "managed",
      "type": "aws_s3_bucket_policy",
      "name": "allow_content_public",
      "provider": "provider[\"registry.terraform.io/hashicorp/aws\"]",
      "instances": [
        {
          "schema_version": 0,
          "attributes": {
            "bucket": "archidevopsiimwebsite-33357",
            "id": "archidevopsiimwebsite-33357",
            "policy": "{\"Statement\":[{\"Action\":\"s3:GetObject\",\"Effect\":\"Allow\",\"Principal\":\"*\",\"Resource\":\"arn:aws:s3:::archidevopsiimwebsite-33357/*\"}],\"Version\":\"2012-10-17\"}",
            "region": "eu-west-1"
          },
          "sensitive_attributes": [],
          "identity_schema_version": 0,
          "private": "bnVsbA==",
          "dependencies": [
            "aws_s3_bucket.main",
            "data.aws_iam_policy_document.allow_content_public",
            "random_integer.random"
          ]
        }
      ]
    },
    {
      "mode": "managed",
      "type": "aws_s3_bucket_public_access_block",
      "name": "main",
      "provider": "provider[\"registry.terraform.io/hashicorp/aws\"]",
      "instances": [
        {
          "schema_version": 0,
          "attributes": {
            "block_public_acls": false,
            "block_public_policy": false,
            "bucket": "archidevopsiimwebsite-33357",
            "id": "archidevopsiimwebsite-33357",
            "ignore_public_acls": false,
            "region": "eu-west-1",
            "restrict_public_buckets": false,
            "skip_destroy": null
          },
          "sensitive_attributes": [],
          "identity_schema_version": 0,
          "private": "bnVsbA==",
          "dependencies": [
            "aws_s3_bucket.main",
            "random_integer.random"
          ]
        }
      ]
    },
    {
      "mode": "managed",
      "type": "aws_s3_bucket_website_configuration",
      "name": "main",
      "provider": "provider[\"registry.terraform.io/hashicorp/aws\"]",
      "instances": [
        {
          "schema_version": 0,
          "attributes": {
            "bucket": "archidevopsiimwebsite-33357",
            "error_document": [
              {
                "key": "index.html"
              }
            ],
            "expected_bucket_owner": "",
            "id": "archidevopsiimwebsite-33357",
            "index_document": [
              {
                "suffix": "index.html"
              }
            ],
            "redirect_all_requests_to": [],
            "region": "eu-west-1",
            "routing_rule": [],
            "routing_rules": "",
            "website_domain": "s3-website-eu-west-1.amazonaws.com",
            "website_endpoint": "archidevopsiimwebsite-33357.s3-website-eu-west-1.amazonaws.com"
          },
          "sensitive_attributes": [],
          "identity_schema_version": 0,
          "private": "bnVsbA==",
          "dependencies": [
            "aws_s3_bucket.main",
            "random_integer.random"
          ]
        }
      ]
    },
    {
      "mode": "managed",
      "type": "aws_s3_object",
      "name": "sync_remote_website_content",
      "provider": "provider[\"registry.terraform.io/hashicorp/aws\"]",
      "instances": [
        {
          "index_key": "assets/index-D8b4DHJx.css",
          "schema_version": 0,
          "attributes": {
            "acl": null,
            "arn": "arn:aws:s3:::archidevopsiimwebsite-33357/assets/index-D8b4DHJx.css",
            "bucket": "archidevopsiimwebsite-33357",
            "bucket_key_enabled": false,
            "cache_control": "",
            "checksum_algorithm": null,
            "checksum_crc32": "",
            "checksum_crc32c": "",
            "checksum_crc64nvme": "",
            "checksum_sha1": "",
            "checksum_sha256": "",
            "content": null,
            "content_base64": null,
            "content_disposition": "",
            "content_encoding": "",
            "content_language": "",
            "content_type": "text/css",
            "etag": "0a8decc34fa9ef5715ae1ee8d93e1a7b",
            "force_destroy": false,
            "id": "archidevopsiimwebsite-33357//assets/index-D8b4DHJx.css",
            "key": "/assets/index-D8b4DHJx.css",
            "kms_key_id": null,
            "metadata": {},
            "object_lock_legal_hold_status": "",
            "object_lock_mode": "",
            "object_lock_retain_until_date": "",
            "override_provider": [],
            "region": "eu-west-1",
            "server_side_encryption": "AES256",
            "source": "./dist/assets/index-D8b4DHJx.css",
            "source_hash": null,
            "storage_class": "STANDARD",
            "tags": {},
            "tags_all": {},
            "version_id": "",
            "website_redirect": ""
          },
          "sensitive_attributes": [],
          "identity_schema_version": 0,
          "identity": {
            "account_id": "662147645652",
            "bucket": "archidevopsiimwebsite-33357",
            "key": "/assets/index-D8b4DHJx.css",
            "region": "eu-west-1"
          },
          "private": "bnVsbA==",
          "dependencies": [
            "aws_s3_bucket.main",
            "random_integer.random"
          ]
        },
        {
          "index_key": "assets/index-DK-xQhXp.js",
          "schema_version": 0,
          "attributes": {
            "acl": null,
            "arn": "arn:aws:s3:::archidevopsiimwebsite-33357/assets/index-DK-xQhXp.js",
            "bucket": "archidevopsiimwebsite-33357",
            "bucket_key_enabled": false,
            "cache_control": "",
            "checksum_algorithm": null,
            "checksum_crc32": "",
            "checksum_crc32c": "",
            "checksum_crc64nvme": "",
            "checksum_sha1": "",
            "checksum_sha256": "",
            "content": null,
            "content_base64": null,
            "content_disposition": "",
            "content_encoding": "",
            "content_language": "",
            "content_type": "application/javascript",
            "etag": "53b5cce6cfff9338b16665cf43d7b73a",
            "force_destroy": false,
            "id": "archidevopsiimwebsite-33357//assets/index-DK-xQhXp.js",
            "key": "/assets/index-DK-xQhXp.js",
            "kms_key_id": null,
            "metadata": {},
            "object_lock_legal_hold_status": "",
            "object_lock_mode": "",
            "object_lock_retain_until_date": "",
            "override_provider": [],
            "region": "eu-west-1",
            "server_side_encryption": "AES256",
            "source": "./dist/assets/index-DK-xQhXp.js",
            "source_hash": null,
            "storage_class": "STANDARD",
            "tags": {},
            "tags_all": {},
            "version_id": "",
            "website_redirect": ""
          },
          "sensitive_attributes": [],
          "identity_schema_version": 0,
          "identity": {
            "account_id": "662147645652",
            "bucket": "archidevopsiimwebsite-33357",
            "key": "/assets/index-DK-xQhXp.js",
            "region": "eu-west-1"
          },
          "private": "bnVsbA==",
          "dependencies": [
            "aws_s3_bucket.main",
            "random_integer.random"
          ]
        },
        {
          "index_key": "assets/react-CHdo91hT.svg",
          "schema_version": 0,
          "attributes": {
            "acl": null,
            "arn": "arn:aws:s3:::archidevopsiimwebsite-33357/assets/react-CHdo91hT.svg",
            "bucket": "archidevopsiimwebsite-33357",
            "bucket_key_enabled": false,
            "cache_control": "",
            "checksum_algorithm": null,
            "checksum_crc32": "",
            "checksum_crc32c": "",
            "checksum_crc64nvme": "",
            "checksum_sha1": "",
            "checksum_sha256": "",
            "content": null,
            "content_base64": null,
            "content_disposition": "",
            "content_encoding": "",
            "content_language": "",
            "content_type": "binary/octet-stream",
            "etag": "f0402b67b6ce880f65666bb49e841696",
            "force_destroy": false,
            "id": "archidevopsiimwebsite-33357//assets/react-CHdo91hT.svg",
            "key": "/assets/react-CHdo91hT.svg",
            "kms_key_id": null,
            "metadata": {},
            "object_lock_legal_hold_status": "",
            "object_lock_mode": "",
            "object_lock_retain_until_date": "",
            "override_provider": [],
            "region": "eu-west-1",
            "server_side_encryption": "AES256",
            "source": "./dist/assets/react-CHdo91hT.svg",
            "source_hash": null,
            "storage_class": "STANDARD",
            "tags": {},
            "tags_all": {},
            "version_id": "",
            "website_redirect": ""
          },
          "sensitive_attributes": [],
          "identity_schema_version": 0,
          "identity": {
            "account_id": "662147645652",
            "bucket": "archidevopsiimwebsite-33357",
            "key": "/assets/react-CHdo91hT.svg",
            "region": "eu-west-1"
          },
          "private": "bnVsbA==",
          "dependencies": [
            "aws_s3_bucket.main",
            "random_integer.random"
          ]
        },
        {
          "index_key": "index.html",
          "schema_version": 0,
          "attributes": {
            "acl": null,
            "arn": "arn:aws:s3:::archidevopsiimwebsite-33357/index.html",
            "bucket": "archidevopsiimwebsite-33357",
            "bucket_key_enabled": false,
            "cache_control": "",
            "checksum_algorithm": null,
            "checksum_crc32": "",
            "checksum_crc32c": "",
            "checksum_crc64nvme": "",
            "checksum_sha1": "",
            "checksum_sha256": "",
            "content": null,
            "content_base64": null,
            "content_disposition": "",
            "content_encoding": "",
            "content_language": "",
            "content_type": "text/html",
            "etag": "887456ff2fd4b48f34b6a0ab67653560",
            "force_destroy": false,
            "id": "archidevopsiimwebsite-33357//index.html",
            "key": "/index.html",
            "kms_key_id": null,
            "metadata": {},
            "object_lock_legal_hold_status": "",
            "object_lock_mode": "",
            "object_lock_retain_until_date": "",
            "override_provider": [],
            "region": "eu-west-1",
            "server_side_encryption": "AES256",
            "source": "./dist/index.html",
            "source_hash": null,
            "storage_class": "STANDARD",
            "tags": {},
            "tags_all": {},
            "version_id": "",
            "website_redirect": ""
          },
          "sensitive_attributes": [],
          "identity_schema_version": 0,
          "identity": {
            "account_id": "662147645652",
            "bucket": "archidevopsiimwebsite-33357",
            "key": "/index.html",
            "region": "eu-west-1"
          },
          "private": "bnVsbA==",
          "dependencies": [
            "aws_s3_bucket.main",
            "random_integer.random"
          ]
        },
        {
          "index_key": "vite.svg",
          "schema_version": 0,
          "attributes": {
            "acl": null,
            "arn": "arn:aws:s3:::archidevopsiimwebsite-33357/vite.svg",
            "bucket": "archidevopsiimwebsite-33357",
            "bucket_key_enabled": false,
            "cache_control": "",
            "checksum_algorithm": null,
            "checksum_crc32": "",
            "checksum_crc32c": "",
            "checksum_crc64nvme": "",
            "checksum_sha1": "",
            "checksum_sha256": "",
            "content": null,
            "content_base64": null,
            "content_disposition": "",
            "content_encoding": "",
            "content_language": "",
            "content_type": "binary/octet-stream",
            "etag": "8e3a10e157f75ada21ab742c022d5430",
            "force_destroy": false,
            "id": "archidevopsiimwebsite-33357//vite.svg",
            "key": "/vite.svg",
            "kms_key_id": null,
            "metadata": {},
            "object_lock_legal_hold_status": "",
            "object_lock_mode": "",
            "object_lock_retain_until_date": "",
            "override_provider": [],
            "region": "eu-west-1",
            "server_side_encryption": "AES256",
            "source": "./dist/vite.svg",
            "source_hash": null,
            "storage_class": "STANDARD",
            "tags": {},
            "tags_all": {},
            "version_id": "",
            "website_redirect": ""
          },
          "sensitive_attributes": [],
          "identity_schema_version": 0,
          "identity": {
            "account_id": "662147645652",
            "bucket": "archidevopsiimwebsite-33357",
            "key": "/vite.svg",
            "region": "eu-west-1"
          },
          "private": "bnVsbA==",
          "dependencies": [
            "aws_s3_bucket.main",
            "random_integer.random"
          ]
        }
      ]
    },
    {
      "mode": "managed",
      "type": "random_integer",
      "name": "random",
      "provider": "provider[\"registry.terraform.io/hashicorp/random\"]",
      "instances": [
        {
          "schema_version": 0,
          "attributes": {
            "id": "33357",
            "keepers": null,
            "max": 50000,
            "min": 1,
            "result": 33357,
            "seed": null
          },
          "sensitive_attributes": [],
          "identity_schema_version": 0
        }
      ]
    }
  ],
  "check_results": null
}
